
Microsoft Visual Studio Solution File, Format Version 12.00
# Visual Studio Version 17
VisualStudioVersion = 17.4.33213.308
MinimumVisualStudioVersion = 10.0.40219.1
Project("{FAE04EC0-301F-11D3-BF4B-00C04F79EFBC}") = "Sat.Recruitment.Api", "Sat.Recruitment.Api\Sat.Recruitment.Api.csproj", "{D654366B-F559-4E9B-8D59-B5538A2BD6A1}"
EndProject
Project("{FAE04EC0-301F-11D3-BF4B-00C04F79EFBC}") = "Sat.Recruitment.Test", "Sat.Recruitment.Test\Sat.Recruitment.Test.csproj", "{AAE93227-CD4B-4D77-8195-6CC7EF7BA742}"
EndProject
Global
	GlobalSection(SolutionConfigurationPlatforms) = preSolution
		Debug|Any CPU = Debug|Any CPU
		Release|Any CPU = Release|Any CPU
	EndGlobalSection
	GlobalSection(ProjectConfigurationPlatforms) = postSolution
		{D654366B-F559-4E9B-8D59-B5538A2BD6A1}.Debug|Any CPU.ActiveCfg = Debug|Any CPU
		{D654366B-F559-4E9B-8D59-B5538A2BD6A1}.Debug|Any CPU.Build.0 = Debug|Any CPU
		{D654366B-F559-4E9B-8D59-B5538A2BD6A1}.Release|Any CPU.ActiveCfg = Release|Any CPU
		{D654366B-F559-4E9B-8D59-B5538A2BD6A1}.Release|Any CPU.Build.0 = Release|Any CPU
		{AAE93227-CD4B-4D77-8195-6CC7EF7BA742}.Debug|Any CPU.ActiveCfg = Debug|Any CPU
		{AAE93227-CD4B-4D77-8195-6CC7EF7BA742}.Debug|Any CPU.Build.0 = Debug|Any CPU
		{AAE93227-CD4B-4D77-8195-6CC7EF7BA742}.Release|Any CPU.ActiveCfg = Release|Any CPU
		{AAE93227-CD4B-4D77-8195-6CC7EF7BA742}.Release|Any CPU.Build.0 = Release|Any CPU
	EndGlobalSection
	GlobalSection(SolutionProperties) = preSolution
		HideSolutionNode = FALSE
	EndGlobalSection
	GlobalSection(ExtensibilityGlobals) = postSolution
		SolutionGuid = {CDC43AFD-54D5-4154-9552-48C52EA36D51}
	EndGlobalSection
EndGlobal
